
Microsoft Visual Studio Solution File, Format Version 12.00
# Visual Studio Version 17
VisualStudioVersion = 17.8.34330.188
MinimumVisualStudioVersion = 10.0.40219.1
Project("{8BC9CEB8-8B4A-11D0-8D11-00A0C91BC942}") = "Phase 1.2 final", "Phase 1.2 final.vcxproj", "{109A4228-81C3-48D5-AF59-850EFCAD1444}"
EndProject
Global
	GlobalSection(SolutionConfigurationPlatforms) = preSolution
		Debug|x64 = Debug|x64
		Debug|x86 = Debug|x86
		Release|x64 = Release|x64
		Release|x86 = Release|x86
	EndGlobalSection
	GlobalSection(ProjectConfigurationPlatforms) = postSolution
		{109A4228-81C3-48D5-AF59-850EFCAD1444}.Debug|x64.ActiveCfg = Debug|x64
		{109A4228-81C3-48D5-AF59-850EFCAD1444}.Debug|x64.Build.0 = Debug|x64
		{109A4228-81C3-48D5-AF59-850EFCAD1444}.Debug|x86.ActiveCfg = Debug|Win32
		{109A4228-81C3-48D5-AF59-850EFCAD1444}.Debug|x86.Build.0 = Debug|Win32
		{109A4228-81C3-48D5-AF59-850EFCAD1444}.Release|x64.ActiveCfg = Release|x64
		{109A4228-81C3-48D5-AF59-850EFCAD1444}.Release|x64.Build.0 = Release|x64
		{109A4228-81C3-48D5-AF59-850EFCAD1444}.Release|x86.ActiveCfg = Release|Win32
		{109A4228-81C3-48D5-AF59-850EFCAD1444}.Release|x86.Build.0 = Release|Win32
	EndGlobalSection
	GlobalSection(SolutionProperties) = preSolution
		HideSolutionNode = FALSE
	EndGlobalSection
	GlobalSection(ExtensibilityGlobals) = postSolution
		SolutionGuid = {45C9C41D-A90D-4528-A946-1CEF7A6C9154}
	EndGlobalSection
EndGlobal
